
Microsoft Visual Studio Solution File, Format Version 12.00
# Visual Studio Version 17
VisualStudioVersion = 17.0.31606.5
MinimumVisualStudioVersion = 10.0.40219.1
Project("{2150E333-8FDC-42A3-9474-1A3956D46DE8}") = "Game", "Game", "{CF386CC3-4271-49F3-8F55-AA5759AB01F9}"
EndProject
Project("{2150E333-8FDC-42A3-9474-1A3956D46DE8}") = "Graphics", "Graphics", "{96746DBD-F2DE-41FB-804F-CFEB1CD22B9F}"
EndProject
Project("{8BC9CEB8-8B4A-11D0-8D11-00A0C91BC942}") = "ForYou.CodingInterviews.GraphicsHomeWork01", "..\..\ForYou.CodingInterviews\CPlus\Game\Graphics\ForYou.CodingInterviews.GraphicsHomeWork01\ForYou.CodingInterviews.GraphicsHomeWork01.vcxproj", "{12C613C2-7E6E-4FDF-974C-103F1416F524}"
EndProject
Global
	GlobalSection(SolutionConfigurationPlatforms) = preSolution
		Debug|x64 = Debug|x64
		Debug|x86 = Debug|x86
		Release|x64 = Release|x64
		Release|x86 = Release|x86
	EndGlobalSection
	GlobalSection(ProjectConfigurationPlatforms) = postSolution
		{12C613C2-7E6E-4FDF-974C-103F1416F524}.Debug|x64.ActiveCfg = Debug|x64
		{12C613C2-7E6E-4FDF-974C-103F1416F524}.Debug|x64.Build.0 = Debug|x64
		{12C613C2-7E6E-4FDF-974C-103F1416F524}.Debug|x86.ActiveCfg = Debug|Win32
		{12C613C2-7E6E-4FDF-974C-103F1416F524}.Debug|x86.Build.0 = Debug|Win32
		{12C613C2-7E6E-4FDF-974C-103F1416F524}.Release|x64.ActiveCfg = Release|x64
		{12C613C2-7E6E-4FDF-974C-103F1416F524}.Release|x64.Build.0 = Release|x64
		{12C613C2-7E6E-4FDF-974C-103F1416F524}.Release|x86.ActiveCfg = Release|Win32
		{12C613C2-7E6E-4FDF-974C-103F1416F524}.Release|x86.Build.0 = Release|Win32
	EndGlobalSection
	GlobalSection(SolutionProperties) = preSolution
		HideSolutionNode = FALSE
	EndGlobalSection
	GlobalSection(NestedProjects) = preSolution
		{96746DBD-F2DE-41FB-804F-CFEB1CD22B9F} = {CF386CC3-4271-49F3-8F55-AA5759AB01F9}
		{12C613C2-7E6E-4FDF-974C-103F1416F524} = {96746DBD-F2DE-41FB-804F-CFEB1CD22B9F}
	EndGlobalSection
	GlobalSection(ExtensibilityGlobals) = postSolution
		SolutionGuid = {816E6C32-85EA-4EE5-A103-FB3D26DE6EDE}
	EndGlobalSection
EndGlobal
