
Microsoft Visual Studio Solution File, Format Version 12.00
# Visual Studio Version 16
VisualStudioVersion = 16.0.31025.194
MinimumVisualStudioVersion = 10.0.40219.1
Project("{9A19103F-16F7-4668-BE54-9A1E7A4F7556}") = "ForYou.CodingInterviews.LeeCode", "ForYou.CodingInterviews.LeeCode\ForYou.CodingInterviews.LeeCode.csproj", "{551717F9-134A-441F-9E35-4C65E7AD393B}"
EndProject
Project("{9A19103F-16F7-4668-BE54-9A1E7A4F7556}") = "ForYou.CodingInterviews.LeeCodeTest", "..\ForYou.CodingInterviews.LeeCodeTest\ForYou.CodingInterviews.LeeCodeTest.csproj", "{BE912E7D-0D78-4C43-867C-F2D51F6EFC5B}"
EndProject
Project("{2150E333-8FDC-42A3-9474-1A3956D46DE8}") = "WPF", "WPF", "{338AA266-6972-48AD-847A-117DBBE578E9}"
EndProject
Project("{9A19103F-16F7-4668-BE54-9A1E7A4F7556}") = "ForYou.CodingInterviews.WPF", "WPF\ForYou.CodingInterviews.WPF\ForYou.CodingInterviews.WPF.csproj", "{E2022117-46F7-4673-B07B-BD4D3913CEF7}"
EndProject
Project("{2150E333-8FDC-42A3-9474-1A3956D46DE8}") = "深入浅出WPF", "深入浅出WPF", "{A1E73018-506C-4F19-9FE2-DE44D6244A72}"
EndProject
Project("{9A19103F-16F7-4668-BE54-9A1E7A4F7556}") = "ForYou.CodingIntereviews.WPFLayout", "WPF\深入浅出WPF\ForYou.CodingIntereviews.WPFLayout\ForYou.CodingIntereviews.WPFLayout.csproj", "{E8D18E21-60BD-40E2-A761-E4A486E88DC3}"
EndProject
Project("{9A19103F-16F7-4668-BE54-9A1E7A4F7556}") = "ForYou.CodingIntereviews.WPFMVVM", "WPF\深入浅出WPF\ForYou.CodingIntereviews.WPFMVVM\ForYou.CodingIntereviews.WPFMVVM.csproj", "{67E3EB95-9AFB-4541-A989-B62FD26AA9E1}"
EndProject
Project("{9A19103F-16F7-4668-BE54-9A1E7A4F7556}") = "ForYou.CodingIntereviews.WPFToDo", "WPF\深入浅出WPF\ForYou.CodingIntereviews.WPFToDo\ForYou.CodingIntereviews.WPFToDo.csproj", "{048E8CA0-9159-4689-AF40-0D84ED7FC513}"
EndProject
Project("{2150E333-8FDC-42A3-9474-1A3956D46DE8}") = "CPlus", "CPlus", "{0D636A4E-F199-4692-9F64-50AB365B19DB}"
EndProject
Project("{8BC9CEB8-8B4A-11D0-8D11-00A0C91BC942}") = "ForYou.CodingInterviews.CPlus.HelloWorld", "CPlus\ForYou.CodingInterviews.CPlus.HelloWorld\ForYou.CodingInterviews.CPlus.HelloWorld.vcxproj", "{7CCBF7CE-2225-457F-A3F1-24B617A9B98C}"
EndProject
Project("{8BC9CEB8-8B4A-11D0-8D11-00A0C91BC942}") = "ForYou.CodingInterviews.CPlusPlus.Contacts", "CPlus\ForYou.CodingInterviews.CPlusPlus.Contacts\ForYou.CodingInterviews.CPlusPlus.Contacts.vcxproj", "{27B9FCBE-4C57-426A-8936-923D888EC3C4}"
EndProject
Project("{9A19103F-16F7-4668-BE54-9A1E7A4F7556}") = "ForYou.CodingInterviews.WPFGridSplitter", "WPF\深入浅出WPF\ForYou.CodingInterviews.WPFGridSplitter\ForYou.CodingInterviews.WPFGridSplitter.csproj", "{E94A619B-5187-4CCD-9FB0-28514C21A37A}"
EndProject
Project("{FAE04EC0-301F-11D3-BF4B-00C04F79EFBC}") = "ForYou.CodingInterviews.WPFCanvas", "WPF\深入浅出WPF\ForYou.CodingInterviews.WPFCanvas\ForYou.CodingInterviews.WPFCanvas.csproj", "{D059A014-CB35-4809-8E31-826C74974754}"
EndProject
Project("{2150E333-8FDC-42A3-9474-1A3956D46DE8}") = "LayoutDemo", "LayoutDemo", "{98D155C1-D3A8-445A-8309-A4EA70365FF2}"
EndProject
Project("{FAE04EC0-301F-11D3-BF4B-00C04F79EFBC}") = "ForYou.CodingIntereviews.WPFLayoutGrid", "WPF\深入浅出WPF\ForYou.CodingIntereviews.WPFLayoutGrid\ForYou.CodingIntereviews.WPFLayoutGrid.csproj", "{0D091D07-8438-4883-B4AC-98E819B9ACF5}"
EndProject
Project("{FAE04EC0-301F-11D3-BF4B-00C04F79EFBC}") = "ForYou.CodingIntereviews.WPFGridDynamicDemo", "WPF\深入浅出WPF\ForYou.CodingIntereviews.WPFGridDynamicDemo\ForYou.CodingIntereviews.WPFGridDynamicDemo.csproj", "{BDDE174D-F83A-4673-AF1B-1F9460F557F2}"
EndProject
Global
	GlobalSection(SolutionConfigurationPlatforms) = preSolution
		Debug|Any CPU = Debug|Any CPU
		Debug|x64 = Debug|x64
		Debug|x86 = Debug|x86
		Release|Any CPU = Release|Any CPU
		Release|x64 = Release|x64
		Release|x86 = Release|x86
	EndGlobalSection
	GlobalSection(ProjectConfigurationPlatforms) = postSolution
		{551717F9-134A-441F-9E35-4C65E7AD393B}.Debug|Any CPU.ActiveCfg = Debug|Any CPU
		{551717F9-134A-441F-9E35-4C65E7AD393B}.Debug|Any CPU.Build.0 = Debug|Any CPU
		{551717F9-134A-441F-9E35-4C65E7AD393B}.Debug|x64.ActiveCfg = Debug|Any CPU
		{551717F9-134A-441F-9E35-4C65E7AD393B}.Debug|x64.Build.0 = Debug|Any CPU
		{551717F9-134A-441F-9E35-4C65E7AD393B}.Debug|x86.ActiveCfg = Debug|Any CPU
		{551717F9-134A-441F-9E35-4C65E7AD393B}.Debug|x86.Build.0 = Debug|Any CPU
		{551717F9-134A-441F-9E35-4C65E7AD393B}.Release|Any CPU.ActiveCfg = Release|Any CPU
		{551717F9-134A-441F-9E35-4C65E7AD393B}.Release|Any CPU.Build.0 = Release|Any CPU
		{551717F9-134A-441F-9E35-4C65E7AD393B}.Release|x64.ActiveCfg = Release|Any CPU
		{551717F9-134A-441F-9E35-4C65E7AD393B}.Release|x64.Build.0 = Release|Any CPU
		{551717F9-134A-441F-9E35-4C65E7AD393B}.Release|x86.ActiveCfg = Release|Any CPU
		{551717F9-134A-441F-9E35-4C65E7AD393B}.Release|x86.Build.0 = Release|Any CPU
		{BE912E7D-0D78-4C43-867C-F2D51F6EFC5B}.Debug|Any CPU.ActiveCfg = Debug|Any CPU
		{BE912E7D-0D78-4C43-867C-F2D51F6EFC5B}.Debug|Any CPU.Build.0 = Debug|Any CPU
		{BE912E7D-0D78-4C43-867C-F2D51F6EFC5B}.Debug|x64.ActiveCfg = Debug|Any CPU
		{BE912E7D-0D78-4C43-867C-F2D51F6EFC5B}.Debug|x64.Build.0 = Debug|Any CPU
		{BE912E7D-0D78-4C43-867C-F2D51F6EFC5B}.Debug|x86.ActiveCfg = Debug|Any CPU
		{BE912E7D-0D78-4C43-867C-F2D51F6EFC5B}.Debug|x86.Build.0 = Debug|Any CPU
		{BE912E7D-0D78-4C43-867C-F2D51F6EFC5B}.Release|Any CPU.ActiveCfg = Release|Any CPU
		{BE912E7D-0D78-4C43-867C-F2D51F6EFC5B}.Release|Any CPU.Build.0 = Release|Any CPU
		{BE912E7D-0D78-4C43-867C-F2D51F6EFC5B}.Release|x64.ActiveCfg = Release|Any CPU
		{BE912E7D-0D78-4C43-867C-F2D51F6EFC5B}.Release|x64.Build.0 = Release|Any CPU
		{BE912E7D-0D78-4C43-867C-F2D51F6EFC5B}.Release|x86.ActiveCfg = Release|Any CPU
		{BE912E7D-0D78-4C43-867C-F2D51F6EFC5B}.Release|x86.Build.0 = Release|Any CPU
		{E2022117-46F7-4673-B07B-BD4D3913CEF7}.Debug|Any CPU.ActiveCfg = Debug|Any CPU
		{E2022117-46F7-4673-B07B-BD4D3913CEF7}.Debug|Any CPU.Build.0 = Debug|Any CPU
		{E2022117-46F7-4673-B07B-BD4D3913CEF7}.Debug|x64.ActiveCfg = Debug|Any CPU
		{E2022117-46F7-4673-B07B-BD4D3913CEF7}.Debug|x64.Build.0 = Debug|Any CPU
		{E2022117-46F7-4673-B07B-BD4D3913CEF7}.Debug|x86.ActiveCfg = Debug|Any CPU
		{E2022117-46F7-4673-B07B-BD4D3913CEF7}.Debug|x86.Build.0 = Debug|Any CPU
		{E2022117-46F7-4673-B07B-BD4D3913CEF7}.Release|Any CPU.ActiveCfg = Release|Any CPU
		{E2022117-46F7-4673-B07B-BD4D3913CEF7}.Release|Any CPU.Build.0 = Release|Any CPU
		{E2022117-46F7-4673-B07B-BD4D3913CEF7}.Release|x64.ActiveCfg = Release|Any CPU
		{E2022117-46F7-4673-B07B-BD4D3913CEF7}.Release|x64.Build.0 = Release|Any CPU
		{E2022117-46F7-4673-B07B-BD4D3913CEF7}.Release|x86.ActiveCfg = Release|Any CPU
		{E2022117-46F7-4673-B07B-BD4D3913CEF7}.Release|x86.Build.0 = Release|Any CPU
		{E8D18E21-60BD-40E2-A761-E4A486E88DC3}.Debug|Any CPU.ActiveCfg = Debug|Any CPU
		{E8D18E21-60BD-40E2-A761-E4A486E88DC3}.Debug|Any CPU.Build.0 = Debug|Any CPU
		{E8D18E21-60BD-40E2-A761-E4A486E88DC3}.Debug|x64.ActiveCfg = Debug|Any CPU
		{E8D18E21-60BD-40E2-A761-E4A486E88DC3}.Debug|x64.Build.0 = Debug|Any CPU
		{E8D18E21-60BD-40E2-A761-E4A486E88DC3}.Debug|x86.ActiveCfg = Debug|Any CPU
		{E8D18E21-60BD-40E2-A761-E4A486E88DC3}.Debug|x86.Build.0 = Debug|Any CPU
		{E8D18E21-60BD-40E2-A761-E4A486E88DC3}.Release|Any CPU.ActiveCfg = Release|Any CPU
		{E8D18E21-60BD-40E2-A761-E4A486E88DC3}.Release|Any CPU.Build.0 = Release|Any CPU
		{E8D18E21-60BD-40E2-A761-E4A486E88DC3}.Release|x64.ActiveCfg = Release|Any CPU
		{E8D18E21-60BD-40E2-A761-E4A486E88DC3}.Release|x64.Build.0 = Release|Any CPU
		{E8D18E21-60BD-40E2-A761-E4A486E88DC3}.Release|x86.ActiveCfg = Release|Any CPU
		{E8D18E21-60BD-40E2-A761-E4A486E88DC3}.Release|x86.Build.0 = Release|Any CPU
		{67E3EB95-9AFB-4541-A989-B62FD26AA9E1}.Debug|Any CPU.ActiveCfg = Debug|Any CPU
		{67E3EB95-9AFB-4541-A989-B62FD26AA9E1}.Debug|Any CPU.Build.0 = Debug|Any CPU
		{67E3EB95-9AFB-4541-A989-B62FD26AA9E1}.Debug|x64.ActiveCfg = Debug|Any CPU
		{67E3EB95-9AFB-4541-A989-B62FD26AA9E1}.Debug|x64.Build.0 = Debug|Any CPU
		{67E3EB95-9AFB-4541-A989-B62FD26AA9E1}.Debug|x86.ActiveCfg = Debug|Any CPU
		{67E3EB95-9AFB-4541-A989-B62FD26AA9E1}.Debug|x86.Build.0 = Debug|Any CPU
		{67E3EB95-9AFB-4541-A989-B62FD26AA9E1}.Release|Any CPU.ActiveCfg = Release|Any CPU
		{67E3EB95-9AFB-4541-A989-B62FD26AA9E1}.Release|Any CPU.Build.0 = Release|Any CPU
		{67E3EB95-9AFB-4541-A989-B62FD26AA9E1}.Release|x64.ActiveCfg = Release|Any CPU
		{67E3EB95-9AFB-4541-A989-B62FD26AA9E1}.Release|x64.Build.0 = Release|Any CPU
		{67E3EB95-9AFB-4541-A989-B62FD26AA9E1}.Release|x86.ActiveCfg = Release|Any CPU
		{67E3EB95-9AFB-4541-A989-B62FD26AA9E1}.Release|x86.Build.0 = Release|Any CPU
		{048E8CA0-9159-4689-AF40-0D84ED7FC513}.Debug|Any CPU.ActiveCfg = Debug|Any CPU
		{048E8CA0-9159-4689-AF40-0D84ED7FC513}.Debug|Any CPU.Build.0 = Debug|Any CPU
		{048E8CA0-9159-4689-AF40-0D84ED7FC513}.Debug|x64.ActiveCfg = Debug|Any CPU
		{048E8CA0-9159-4689-AF40-0D84ED7FC513}.Debug|x64.Build.0 = Debug|Any CPU
		{048E8CA0-9159-4689-AF40-0D84ED7FC513}.Debug|x86.ActiveCfg = Debug|Any CPU
		{048E8CA0-9159-4689-AF40-0D84ED7FC513}.Debug|x86.Build.0 = Debug|Any CPU
		{048E8CA0-9159-4689-AF40-0D84ED7FC513}.Release|Any CPU.ActiveCfg = Release|Any CPU
		{048E8CA0-9159-4689-AF40-0D84ED7FC513}.Release|Any CPU.Build.0 = Release|Any CPU
		{048E8CA0-9159-4689-AF40-0D84ED7FC513}.Release|x64.ActiveCfg = Release|Any CPU
		{048E8CA0-9159-4689-AF40-0D84ED7FC513}.Release|x64.Build.0 = Release|Any CPU
		{048E8CA0-9159-4689-AF40-0D84ED7FC513}.Release|x86.ActiveCfg = Release|Any CPU
		{048E8CA0-9159-4689-AF40-0D84ED7FC513}.Release|x86.Build.0 = Release|Any CPU
		{7CCBF7CE-2225-457F-A3F1-24B617A9B98C}.Debug|Any CPU.ActiveCfg = Debug|Win32
		{7CCBF7CE-2225-457F-A3F1-24B617A9B98C}.Debug|x64.ActiveCfg = Debug|x64
		{7CCBF7CE-2225-457F-A3F1-24B617A9B98C}.Debug|x64.Build.0 = Debug|x64
		{7CCBF7CE-2225-457F-A3F1-24B617A9B98C}.Debug|x86.ActiveCfg = Debug|Win32
		{7CCBF7CE-2225-457F-A3F1-24B617A9B98C}.Debug|x86.Build.0 = Debug|Win32
		{7CCBF7CE-2225-457F-A3F1-24B617A9B98C}.Release|Any CPU.ActiveCfg = Release|Win32
		{7CCBF7CE-2225-457F-A3F1-24B617A9B98C}.Release|x64.ActiveCfg = Release|x64
		{7CCBF7CE-2225-457F-A3F1-24B617A9B98C}.Release|x64.Build.0 = Release|x64
		{7CCBF7CE-2225-457F-A3F1-24B617A9B98C}.Release|x86.ActiveCfg = Release|Win32
		{7CCBF7CE-2225-457F-A3F1-24B617A9B98C}.Release|x86.Build.0 = Release|Win32
		{27B9FCBE-4C57-426A-8936-923D888EC3C4}.Debug|Any CPU.ActiveCfg = Debug|Win32
		{27B9FCBE-4C57-426A-8936-923D888EC3C4}.Debug|x64.ActiveCfg = Debug|x64
		{27B9FCBE-4C57-426A-8936-923D888EC3C4}.Debug|x64.Build.0 = Debug|x64
		{27B9FCBE-4C57-426A-8936-923D888EC3C4}.Debug|x86.ActiveCfg = Debug|Win32
		{27B9FCBE-4C57-426A-8936-923D888EC3C4}.Debug|x86.Build.0 = Debug|Win32
		{27B9FCBE-4C57-426A-8936-923D888EC3C4}.Release|Any CPU.ActiveCfg = Release|Win32
		{27B9FCBE-4C57-426A-8936-923D888EC3C4}.Release|x64.ActiveCfg = Release|x64
		{27B9FCBE-4C57-426A-8936-923D888EC3C4}.Release|x64.Build.0 = Release|x64
		{27B9FCBE-4C57-426A-8936-923D888EC3C4}.Release|x86.ActiveCfg = Release|Win32
		{27B9FCBE-4C57-426A-8936-923D888EC3C4}.Release|x86.Build.0 = Release|Win32
		{E94A619B-5187-4CCD-9FB0-28514C21A37A}.Debug|Any CPU.ActiveCfg = Debug|Any CPU
		{E94A619B-5187-4CCD-9FB0-28514C21A37A}.Debug|Any CPU.Build.0 = Debug|Any CPU
		{E94A619B-5187-4CCD-9FB0-28514C21A37A}.Debug|x64.ActiveCfg = Debug|Any CPU
		{E94A619B-5187-4CCD-9FB0-28514C21A37A}.Debug|x64.Build.0 = Debug|Any CPU
		{E94A619B-5187-4CCD-9FB0-28514C21A37A}.Debug|x86.ActiveCfg = Debug|Any CPU
		{E94A619B-5187-4CCD-9FB0-28514C21A37A}.Debug|x86.Build.0 = Debug|Any CPU
		{E94A619B-5187-4CCD-9FB0-28514C21A37A}.Release|Any CPU.ActiveCfg = Release|Any CPU
		{E94A619B-5187-4CCD-9FB0-28514C21A37A}.Release|Any CPU.Build.0 = Release|Any CPU
		{E94A619B-5187-4CCD-9FB0-28514C21A37A}.Release|x64.ActiveCfg = Release|Any CPU
		{E94A619B-5187-4CCD-9FB0-28514C21A37A}.Release|x64.Build.0 = Release|Any CPU
		{E94A619B-5187-4CCD-9FB0-28514C21A37A}.Release|x86.ActiveCfg = Release|Any CPU
		{E94A619B-5187-4CCD-9FB0-28514C21A37A}.Release|x86.Build.0 = Release|Any CPU
		{D059A014-CB35-4809-8E31-826C74974754}.Debug|Any CPU.ActiveCfg = Debug|Any CPU
		{D059A014-CB35-4809-8E31-826C74974754}.Debug|Any CPU.Build.0 = Debug|Any CPU
		{D059A014-CB35-4809-8E31-826C74974754}.Debug|x64.ActiveCfg = Debug|Any CPU
		{D059A014-CB35-4809-8E31-826C74974754}.Debug|x64.Build.0 = Debug|Any CPU
		{D059A014-CB35-4809-8E31-826C74974754}.Debug|x86.ActiveCfg = Debug|Any CPU
		{D059A014-CB35-4809-8E31-826C74974754}.Debug|x86.Build.0 = Debug|Any CPU
		{D059A014-CB35-4809-8E31-826C74974754}.Release|Any CPU.ActiveCfg = Release|Any CPU
		{D059A014-CB35-4809-8E31-826C74974754}.Release|Any CPU.Build.0 = Release|Any CPU
		{D059A014-CB35-4809-8E31-826C74974754}.Release|x64.ActiveCfg = Release|Any CPU
		{D059A014-CB35-4809-8E31-826C74974754}.Release|x64.Build.0 = Release|Any CPU
		{D059A014-CB35-4809-8E31-826C74974754}.Release|x86.ActiveCfg = Release|Any CPU
		{D059A014-CB35-4809-8E31-826C74974754}.Release|x86.Build.0 = Release|Any CPU
		{0D091D07-8438-4883-B4AC-98E819B9ACF5}.Debug|Any CPU.ActiveCfg = Debug|Any CPU
		{0D091D07-8438-4883-B4AC-98E819B9ACF5}.Debug|Any CPU.Build.0 = Debug|Any CPU
		{0D091D07-8438-4883-B4AC-98E819B9ACF5}.Debug|x64.ActiveCfg = Debug|Any CPU
		{0D091D07-8438-4883-B4AC-98E819B9ACF5}.Debug|x64.Build.0 = Debug|Any CPU
		{0D091D07-8438-4883-B4AC-98E819B9ACF5}.Debug|x86.ActiveCfg = Debug|Any CPU
		{0D091D07-8438-4883-B4AC-98E819B9ACF5}.Debug|x86.Build.0 = Debug|Any CPU
		{0D091D07-8438-4883-B4AC-98E819B9ACF5}.Release|Any CPU.ActiveCfg = Release|Any CPU
		{0D091D07-8438-4883-B4AC-98E819B9ACF5}.Release|Any CPU.Build.0 = Release|Any CPU
		{0D091D07-8438-4883-B4AC-98E819B9ACF5}.Release|x64.ActiveCfg = Release|Any CPU
		{0D091D07-8438-4883-B4AC-98E819B9ACF5}.Release|x64.Build.0 = Release|Any CPU
		{0D091D07-8438-4883-B4AC-98E819B9ACF5}.Release|x86.ActiveCfg = Release|Any CPU
		{0D091D07-8438-4883-B4AC-98E819B9ACF5}.Release|x86.Build.0 = Release|Any CPU
		{BDDE174D-F83A-4673-AF1B-1F9460F557F2}.Debug|Any CPU.ActiveCfg = Debug|Any CPU
		{BDDE174D-F83A-4673-AF1B-1F9460F557F2}.Debug|Any CPU.Build.0 = Debug|Any CPU
		{BDDE174D-F83A-4673-AF1B-1F9460F557F2}.Debug|x64.ActiveCfg = Debug|Any CPU
		{BDDE174D-F83A-4673-AF1B-1F9460F557F2}.Debug|x64.Build.0 = Debug|Any CPU
		{BDDE174D-F83A-4673-AF1B-1F9460F557F2}.Debug|x86.ActiveCfg = Debug|Any CPU
		{BDDE174D-F83A-4673-AF1B-1F9460F557F2}.Debug|x86.Build.0 = Debug|Any CPU
		{BDDE174D-F83A-4673-AF1B-1F9460F557F2}.Release|Any CPU.ActiveCfg = Release|Any CPU
		{BDDE174D-F83A-4673-AF1B-1F9460F557F2}.Release|Any CPU.Build.0 = Release|Any CPU
		{BDDE174D-F83A-4673-AF1B-1F9460F557F2}.Release|x64.ActiveCfg = Release|Any CPU
		{BDDE174D-F83A-4673-AF1B-1F9460F557F2}.Release|x64.Build.0 = Release|Any CPU
		{BDDE174D-F83A-4673-AF1B-1F9460F557F2}.Release|x86.ActiveCfg = Release|Any CPU
		{BDDE174D-F83A-4673-AF1B-1F9460F557F2}.Release|x86.Build.0 = Release|Any CPU
	EndGlobalSection
	GlobalSection(SolutionProperties) = preSolution
		HideSolutionNode = FALSE
	EndGlobalSection
	GlobalSection(NestedProjects) = preSolution
		{E2022117-46F7-4673-B07B-BD4D3913CEF7} = {338AA266-6972-48AD-847A-117DBBE578E9}
		{A1E73018-506C-4F19-9FE2-DE44D6244A72} = {338AA266-6972-48AD-847A-117DBBE578E9}
		{E8D18E21-60BD-40E2-A761-E4A486E88DC3} = {A1E73018-506C-4F19-9FE2-DE44D6244A72}
		{67E3EB95-9AFB-4541-A989-B62FD26AA9E1} = {A1E73018-506C-4F19-9FE2-DE44D6244A72}
		{048E8CA0-9159-4689-AF40-0D84ED7FC513} = {A1E73018-506C-4F19-9FE2-DE44D6244A72}
		{7CCBF7CE-2225-457F-A3F1-24B617A9B98C} = {0D636A4E-F199-4692-9F64-50AB365B19DB}
		{27B9FCBE-4C57-426A-8936-923D888EC3C4} = {0D636A4E-F199-4692-9F64-50AB365B19DB}
		{E94A619B-5187-4CCD-9FB0-28514C21A37A} = {A1E73018-506C-4F19-9FE2-DE44D6244A72}
		{D059A014-CB35-4809-8E31-826C74974754} = {A1E73018-506C-4F19-9FE2-DE44D6244A72}
		{98D155C1-D3A8-445A-8309-A4EA70365FF2} = {A1E73018-506C-4F19-9FE2-DE44D6244A72}
		{0D091D07-8438-4883-B4AC-98E819B9ACF5} = {98D155C1-D3A8-445A-8309-A4EA70365FF2}
		{BDDE174D-F83A-4673-AF1B-1F9460F557F2} = {98D155C1-D3A8-445A-8309-A4EA70365FF2}
	EndGlobalSection
	GlobalSection(ExtensibilityGlobals) = postSolution
		SolutionGuid = {A27EAF7D-BA4C-47B7-B9ED-8E31D9E99FEA}
	EndGlobalSection
EndGlobal
