
Microsoft Visual Studio Solution File, Format Version 12.00
# Visual Studio Version 17
VisualStudioVersion = 17.0.31410.414
MinimumVisualStudioVersion = 10.0.40219.1
Project("{9A19103F-16F7-4668-BE54-9A1E7A4F7556}") = "ForYou.CodingInterviews.LeeCode", "ForYou.CodingInterviews.LeeCode\ForYou.CodingInterviews.LeeCode.csproj", "{551717F9-134A-441F-9E35-4C65E7AD393B}"
EndProject
Project("{9A19103F-16F7-4668-BE54-9A1E7A4F7556}") = "ForYou.CodingInterviews.LeeCodeTest", "..\ForYou.CodingInterviews.LeeCodeTest\ForYou.CodingInterviews.LeeCodeTest.csproj", "{BE912E7D-0D78-4C43-867C-F2D51F6EFC5B}"
EndProject
Project("{2150E333-8FDC-42A3-9474-1A3956D46DE8}") = "WPF", "WPF", "{338AA266-6972-48AD-847A-117DBBE578E9}"
EndProject
Project("{9A19103F-16F7-4668-BE54-9A1E7A4F7556}") = "ForYou.CodingInterviews.WPF", "WPF\ForYou.CodingInterviews.WPF\ForYou.CodingInterviews.WPF.csproj", "{E2022117-46F7-4673-B07B-BD4D3913CEF7}"
EndProject
Project("{2150E333-8FDC-42A3-9474-1A3956D46DE8}") = "深入浅出WPF", "深入浅出WPF", "{A1E73018-506C-4F19-9FE2-DE44D6244A72}"
EndProject
Project("{9A19103F-16F7-4668-BE54-9A1E7A4F7556}") = "ForYou.CodingIntereviews.WPFLayout", "WPF\深入浅出WPF\ForYou.CodingIntereviews.WPFLayout\ForYou.CodingIntereviews.WPFLayout.csproj", "{E8D18E21-60BD-40E2-A761-E4A486E88DC3}"
EndProject
Project("{9A19103F-16F7-4668-BE54-9A1E7A4F7556}") = "ForYou.CodingIntereviews.WPFMVVM", "WPF\深入浅出WPF\ForYou.CodingIntereviews.WPFMVVM\ForYou.CodingIntereviews.WPFMVVM.csproj", "{67E3EB95-9AFB-4541-A989-B62FD26AA9E1}"
EndProject
Project("{9A19103F-16F7-4668-BE54-9A1E7A4F7556}") = "ForYou.CodingIntereviews.WPFToDo", "WPF\深入浅出WPF\ForYou.CodingIntereviews.WPFToDo\ForYou.CodingIntereviews.WPFToDo.csproj", "{048E8CA0-9159-4689-AF40-0D84ED7FC513}"
EndProject
Project("{2150E333-8FDC-42A3-9474-1A3956D46DE8}") = "CPlus", "CPlus", "{0D636A4E-F199-4692-9F64-50AB365B19DB}"
EndProject
Project("{8BC9CEB8-8B4A-11D0-8D11-00A0C91BC942}") = "ForYou.CodingInterviews.CPlus.HelloWorld", "CPlus\ForYou.CodingInterviews.CPlus.HelloWorld\ForYou.CodingInterviews.CPlus.HelloWorld.vcxproj", "{7CCBF7CE-2225-457F-A3F1-24B617A9B98C}"
EndProject
Project("{8BC9CEB8-8B4A-11D0-8D11-00A0C91BC942}") = "ForYou.CodingInterviews.CPlusPlus.Contacts", "CPlus\ForYou.CodingInterviews.CPlusPlus.Contacts\ForYou.CodingInterviews.CPlusPlus.Contacts.vcxproj", "{27B9FCBE-4C57-426A-8936-923D888EC3C4}"
EndProject
Project("{9A19103F-16F7-4668-BE54-9A1E7A4F7556}") = "ForYou.CodingInterviews.WPFGridSplitter", "WPF\深入浅出WPF\ForYou.CodingInterviews.WPFGridSplitter\ForYou.CodingInterviews.WPFGridSplitter.csproj", "{E94A619B-5187-4CCD-9FB0-28514C21A37A}"
EndProject
Project("{9A19103F-16F7-4668-BE54-9A1E7A4F7556}") = "ForYou.CodingInterviews.WPFCanvas", "WPF\深入浅出WPF\ForYou.CodingInterviews.WPFCanvas\ForYou.CodingInterviews.WPFCanvas.csproj", "{D059A014-CB35-4809-8E31-826C74974754}"
EndProject
Project("{2150E333-8FDC-42A3-9474-1A3956D46DE8}") = "LayoutDemo", "LayoutDemo", "{98D155C1-D3A8-445A-8309-A4EA70365FF2}"
EndProject
Project("{9A19103F-16F7-4668-BE54-9A1E7A4F7556}") = "ForYou.CodingInterviews.WPFLayoutGrid", "WPF\深入浅出WPF\ForYou.CodingIntereviews.WPFLayoutGrid\ForYou.CodingInterviews.WPFLayoutGrid.csproj", "{0D091D07-8438-4883-B4AC-98E819B9ACF5}"
EndProject
Project("{9A19103F-16F7-4668-BE54-9A1E7A4F7556}") = "ForYou.CodingInterviews.WPFGridDynamicDemo", "WPF\深入浅出WPF\ForYou.CodingIntereviews.WPFGridDynamicDemo\ForYou.CodingInterviews.WPFGridDynamicDemo.csproj", "{BDDE174D-F83A-4673-AF1B-1F9460F557F2}"
EndProject
Project("{9A19103F-16F7-4668-BE54-9A1E7A4F7556}") = "ForYou.CodingInterviews.WPFLayoutWrapPanel", "WPF\深入浅出WPF\ForYou.CodingInterviews.WPFLayoutWrapPanel\ForYou.CodingInterviews.WPFLayoutWrapPanel.csproj", "{2A6DF721-6521-4283-BEC7-AE0A1C3AC368}"
EndProject
Project("{8BC9CEB8-8B4A-11D0-8D11-00A0C91BC942}") = "ForYou.CodingInterviews.CPlusPlus.ObjectLearn", "CPlus\ForYou.CodingInterviews.CPlusPlus.ObjectLearn\ForYou.CodingInterviews.CPlusPlus.ObjectLearn.vcxproj", "{A0862F00-C469-4A8B-8945-BD75697AA0F0}"
EndProject
Project("{2150E333-8FDC-42A3-9474-1A3956D46DE8}") = "ManagementSystem", "ManagementSystem", "{7AC6CFCA-23B3-45A4-819C-B2EB3798BDA0}"
EndProject
Project("{9A19103F-16F7-4668-BE54-9A1E7A4F7556}") = "ForYou.Codinginterview.WPFManagementSystemClient", "WPF\ManagementSystem\ForYou.Codinginterview.WPFManagementSystemClient\ForYou.Codinginterview.WPFManagementSystemClient.csproj", "{AA472F0C-0CF5-4ACA-B48D-0F2B89948345}"
EndProject
Project("{8BC9CEB8-8B4A-11D0-8D11-00A0C91BC942}") = "ForYou.CodingInterviews.CPlusPlus.File", "CPlus\ForYou.CodingInterviews.CPlusPlus.File\ForYou.CodingInterviews.CPlusPlus.File.vcxproj", "{7EC8FCA9-839E-4E4D-A3FF-994563CF5825}"
EndProject
Project("{8BC9CEB8-8B4A-11D0-8D11-00A0C91BC942}") = "ForYou.CodingInterviews.CPlusPlus.EmployeeSystem", "CPlus\ForYou.CodingInterviews.CPlusPlus.EmployeeSystem\ForYou.CodingInterviews.CPlusPlus.EmployeeSystem.vcxproj", "{DEDC1FCA-D5BA-4113-BCF7-F60EDE2BADC1}"
EndProject
Project("{8BC9CEB8-8B4A-11D0-8D11-00A0C91BC942}") = "ForYou.CodingInterviews.CPlusPlus.TemplateLearn", "CPlus\ForYou.CodingInterviews.CPlusPlus.TemplateLearn\ForYou.CodingInterviews.CPlusPlus.TemplateLearn.vcxproj", "{8105ADA2-67EB-4928-BA96-A09E0DA1A1B8}"
EndProject
Project("{2150E333-8FDC-42A3-9474-1A3956D46DE8}") = "ReadBook", "ReadBook", "{DF5B5EA9-39E8-4CF5-93BD-135717271848}"
EndProject
Project("{9A19103F-16F7-4668-BE54-9A1E7A4F7556}") = "ForYou.CodingInterviews.WPF001", "WPF\ReadBook\ForYou.CodingInterviews.WPF001\ForYou.CodingInterviews.WPF001.csproj", "{815FA115-F2CB-4BF0-AC81-EC11A458C1EA}"
EndProject
Project("{2150E333-8FDC-42A3-9474-1A3956D46DE8}") = "Common", "Common", "{6B2EDAEA-CF38-468F-8B8F-2394C1FEF5F9}"
EndProject
Project("{9A19103F-16F7-4668-BE54-9A1E7A4F7556}") = "ForYou.CodingInterviews.Extension", "Common\ForYou.CodingInterviews.Extension\ForYou.CodingInterviews.Extension.csproj", "{AC1DCF4B-B3FF-43FE-A1CB-5C57D334A08C}"
EndProject
Project("{8BC9CEB8-8B4A-11D0-8D11-00A0C91BC942}") = "ForYou.CodingInterviews.CPlusPlus.SpeechContest", "CPlus\ForYou.CodingInterviews.CPlusPlus.SpeechContest\ForYou.CodingInterviews.CPlusPlus.SpeechContest.vcxproj", "{329DAFB6-7FA2-4A8E-852C-6175BD917B26}"
EndProject
Project("{2150E333-8FDC-42A3-9474-1A3956D46DE8}") = "ReadBook", "ReadBook", "{CBFF64B0-0A49-4E2E-8BD3-F44F95424871}"
EndProject
Project("{8BC9CEB8-8B4A-11D0-8D11-00A0C91BC942}") = "ForYou.CodingInterviews.CPlusPlus.PrimerPlus002", "CPlus\ReadBook\ForYou.CodingInterviews.CPlusPlus.PrimerPlus002\ForYou.CodingInterviews.CPlusPlus.PrimerPlus002.vcxproj", "{0F9F18F3-5E0C-4063-8F81-55709B732011}"
EndProject
Project("{8BC9CEB8-8B4A-11D0-8D11-00A0C91BC942}") = "ForYou.CodingInterviews.CPlusPlus.PrimerPlus004", "CPlus\ReadBook\ForYou.CodingInterviews.CPlusPlus.PrimerPlus004\ForYou.CodingInterviews.CPlusPlus.PrimerPlus004.vcxproj", "{D3CC2F67-ED0E-4AD9-8CC9-6BDD222BB9F7}"
EndProject
Project("{2150E333-8FDC-42A3-9474-1A3956D46DE8}") = "Projects", "Projects", "{CBCDAF95-8E76-4F41-B623-56E28E2E0C8F}"
EndProject
Project("{2150E333-8FDC-42A3-9474-1A3956D46DE8}") = "Account", "Account", "{065CCAC6-8319-4D37-AF3A-F2664A8544A5}"
EndProject
Project("{9A19103F-16F7-4668-BE54-9A1E7A4F7556}") = "ForYou.CodingInterviews.Account", "WPF\Projects\Account\ForYou.CodingInterviews.Account\ForYou.CodingInterviews.Account.csproj", "{33DB1E9E-46EF-46B2-9448-20E764125561}"
EndProject
Project("{9A19103F-16F7-4668-BE54-9A1E7A4F7556}") = "ForYou.CodingInterviews.AccountModel", "WPF\Projects\Account\ForYou.CodingInterviews.AccountModel\ForYou.CodingInterviews.AccountModel.csproj", "{53077FA7-8AFF-4D3A-AA8C-BB2E40902CA0}"
EndProject
Project("{9A19103F-16F7-4668-BE54-9A1E7A4F7556}") = "ForYou.CodingInterviews.AccountViewModel", "WPF\Projects\Account\ForYou.CodingInterviews.AccountViewModel\ForYou.CodingInterviews.AccountViewModel.csproj", "{C53623EC-2767-4B84-8443-B4F8EF715097}"
EndProject
Project("{8BC9CEB8-8B4A-11D0-8D11-00A0C91BC942}") = "ForYou.CodingInterviews.CPlusPlus.PrimerPlus005", "CPlus\ReadBook\ForYou.CodingInterviews.CPlusPlus.PrimerPlus005\ForYou.CodingInterviews.CPlusPlus.PrimerPlus005.vcxproj", "{A8CAF2E0-2F0B-4928-AFD1-CA2E6AB00D54}"
EndProject
Project("{8BC9CEB8-8B4A-11D0-8D11-00A0C91BC942}") = "ForYou.CodingInterviews.CPlusPlus.PrimerPlus006", "CPlus\ReadBook\ForYou.CodingInterviews.CPlusPlus.PrimerPlus006\ForYou.CodingInterviews.CPlusPlus.PrimerPlus006.vcxproj", "{87D2A05C-FE59-4A21-86DE-E812E1D39135}"
EndProject
Project("{8BC9CEB8-8B4A-11D0-8D11-00A0C91BC942}") = "ForYou.CodingInterviews.CPlusPlus.PrimerPlus007", "CPlus\ReadBook\ForYou.CodingInterviews.CPlusPlus.PrimerPlus007\ForYou.CodingInterviews.CPlusPlus.PrimerPlus007.vcxproj", "{16471648-D3C4-4CBF-8A84-317ED65BF2EA}"
EndProject
Project("{8BC9CEB8-8B4A-11D0-8D11-00A0C91BC942}") = "ForYou.CodingInterviews.CPlusPlus.PrimerPlus008", "CPlus\ReadBook\ForYou.CodingInterviews.CPlusPlus.PrimerPlus008\ForYou.CodingInterviews.CPlusPlus.PrimerPlus008.vcxproj", "{DC878541-EF8C-4110-B039-D7D01BAC4C89}"
EndProject
Project("{8BC9CEB8-8B4A-11D0-8D11-00A0C91BC942}") = "ForYou.CodingInterviews.CPlusPlus.PrimerPlus009", "CPlus\ReadBook\ForYou.CodingInterviews.CPlusPlus.PrimerPlus009\ForYou.CodingInterviews.CPlusPlus.PrimerPlus009.vcxproj", "{2C29FA9B-AC6D-4CF0-88CC-FECDF996FE33}"
EndProject
Project("{8BC9CEB8-8B4A-11D0-8D11-00A0C91BC942}") = "ForYou.CodingInterviews.CPlusPlusMath", "Common\ForYou.CodingInterviews.CPlusPlusMath\ForYou.CodingInterviews.CPlusPlusMath.vcxproj", "{9248B2D4-0C53-47B0-B392-244095B59861}"
EndProject
Project("{8BC9CEB8-8B4A-11D0-8D11-00A0C91BC942}") = "ForYou.CodingInterviews.CPlusPlusTest", "CPlus\ForYou.CodingInterviews.CPlusPlusTest\ForYou.CodingInterviews.CPlusPlusTest.vcxproj", "{C8F61A53-05B5-498D-AFAF-A89A481F2446}"
EndProject
Project("{8BC9CEB8-8B4A-11D0-8D11-00A0C91BC942}") = "ForYou.CodingInterviews.CPlusPlus.PrimerPlus010", "CPlus\ReadBook\ForYou.CodingInterviews.CPlusPlus.PrimerPlus010\ForYou.CodingInterviews.CPlusPlus.PrimerPlus010.vcxproj", "{A2DF3A5A-8992-40C5-8123-0A477E278BD3}"
EndProject
Project("{8BC9CEB8-8B4A-11D0-8D11-00A0C91BC942}") = "ForYou.CodingInterviews.CPlusPlus.PrimerPlus011", "CPlus\ReadBook\ForYou.CodingInterviews.CPlusPlus.PrimerPlus011\ForYou.CodingInterviews.CPlusPlus.PrimerPlus011.vcxproj", "{5085F92F-BCB9-44A4-93EA-2EF862D8A9BE}"
EndProject
Global
	GlobalSection(SolutionConfigurationPlatforms) = preSolution
		Debug|Any CPU = Debug|Any CPU
		Debug|x64 = Debug|x64
		Debug|x86 = Debug|x86
		Release|Any CPU = Release|Any CPU
		Release|x64 = Release|x64
		Release|x86 = Release|x86
	EndGlobalSection
	GlobalSection(ProjectConfigurationPlatforms) = postSolution
		{551717F9-134A-441F-9E35-4C65E7AD393B}.Debug|Any CPU.ActiveCfg = Debug|Any CPU
		{551717F9-134A-441F-9E35-4C65E7AD393B}.Debug|Any CPU.Build.0 = Debug|Any CPU
		{551717F9-134A-441F-9E35-4C65E7AD393B}.Debug|x64.ActiveCfg = Debug|Any CPU
		{551717F9-134A-441F-9E35-4C65E7AD393B}.Debug|x64.Build.0 = Debug|Any CPU
		{551717F9-134A-441F-9E35-4C65E7AD393B}.Debug|x86.ActiveCfg = Debug|Any CPU
		{551717F9-134A-441F-9E35-4C65E7AD393B}.Debug|x86.Build.0 = Debug|Any CPU
		{551717F9-134A-441F-9E35-4C65E7AD393B}.Release|Any CPU.ActiveCfg = Release|Any CPU
		{551717F9-134A-441F-9E35-4C65E7AD393B}.Release|Any CPU.Build.0 = Release|Any CPU
		{551717F9-134A-441F-9E35-4C65E7AD393B}.Release|x64.ActiveCfg = Release|Any CPU
		{551717F9-134A-441F-9E35-4C65E7AD393B}.Release|x64.Build.0 = Release|Any CPU
		{551717F9-134A-441F-9E35-4C65E7AD393B}.Release|x86.ActiveCfg = Release|Any CPU
		{551717F9-134A-441F-9E35-4C65E7AD393B}.Release|x86.Build.0 = Release|Any CPU
		{BE912E7D-0D78-4C43-867C-F2D51F6EFC5B}.Debug|Any CPU.ActiveCfg = Debug|Any CPU
		{BE912E7D-0D78-4C43-867C-F2D51F6EFC5B}.Debug|Any CPU.Build.0 = Debug|Any CPU
		{BE912E7D-0D78-4C43-867C-F2D51F6EFC5B}.Debug|x64.ActiveCfg = Debug|Any CPU
		{BE912E7D-0D78-4C43-867C-F2D51F6EFC5B}.Debug|x64.Build.0 = Debug|Any CPU
		{BE912E7D-0D78-4C43-867C-F2D51F6EFC5B}.Debug|x86.ActiveCfg = Debug|Any CPU
		{BE912E7D-0D78-4C43-867C-F2D51F6EFC5B}.Debug|x86.Build.0 = Debug|Any CPU
		{BE912E7D-0D78-4C43-867C-F2D51F6EFC5B}.Release|Any CPU.ActiveCfg = Release|Any CPU
		{BE912E7D-0D78-4C43-867C-F2D51F6EFC5B}.Release|Any CPU.Build.0 = Release|Any CPU
		{BE912E7D-0D78-4C43-867C-F2D51F6EFC5B}.Release|x64.ActiveCfg = Release|Any CPU
		{BE912E7D-0D78-4C43-867C-F2D51F6EFC5B}.Release|x64.Build.0 = Release|Any CPU
		{BE912E7D-0D78-4C43-867C-F2D51F6EFC5B}.Release|x86.ActiveCfg = Release|Any CPU
		{BE912E7D-0D78-4C43-867C-F2D51F6EFC5B}.Release|x86.Build.0 = Release|Any CPU
		{E2022117-46F7-4673-B07B-BD4D3913CEF7}.Debug|Any CPU.ActiveCfg = Debug|Any CPU
		{E2022117-46F7-4673-B07B-BD4D3913CEF7}.Debug|Any CPU.Build.0 = Debug|Any CPU
		{E2022117-46F7-4673-B07B-BD4D3913CEF7}.Debug|x64.ActiveCfg = Debug|Any CPU
		{E2022117-46F7-4673-B07B-BD4D3913CEF7}.Debug|x64.Build.0 = Debug|Any CPU
		{E2022117-46F7-4673-B07B-BD4D3913CEF7}.Debug|x86.ActiveCfg = Debug|Any CPU
		{E2022117-46F7-4673-B07B-BD4D3913CEF7}.Debug|x86.Build.0 = Debug|Any CPU
		{E2022117-46F7-4673-B07B-BD4D3913CEF7}.Release|Any CPU.ActiveCfg = Release|Any CPU
		{E2022117-46F7-4673-B07B-BD4D3913CEF7}.Release|Any CPU.Build.0 = Release|Any CPU
		{E2022117-46F7-4673-B07B-BD4D3913CEF7}.Release|x64.ActiveCfg = Release|Any CPU
		{E2022117-46F7-4673-B07B-BD4D3913CEF7}.Release|x64.Build.0 = Release|Any CPU
		{E2022117-46F7-4673-B07B-BD4D3913CEF7}.Release|x86.ActiveCfg = Release|Any CPU
		{E2022117-46F7-4673-B07B-BD4D3913CEF7}.Release|x86.Build.0 = Release|Any CPU
		{E8D18E21-60BD-40E2-A761-E4A486E88DC3}.Debug|Any CPU.ActiveCfg = Debug|Any CPU
		{E8D18E21-60BD-40E2-A761-E4A486E88DC3}.Debug|Any CPU.Build.0 = Debug|Any CPU
		{E8D18E21-60BD-40E2-A761-E4A486E88DC3}.Debug|x64.ActiveCfg = Debug|Any CPU
		{E8D18E21-60BD-40E2-A761-E4A486E88DC3}.Debug|x64.Build.0 = Debug|Any CPU
		{E8D18E21-60BD-40E2-A761-E4A486E88DC3}.Debug|x86.ActiveCfg = Debug|Any CPU
		{E8D18E21-60BD-40E2-A761-E4A486E88DC3}.Debug|x86.Build.0 = Debug|Any CPU
		{E8D18E21-60BD-40E2-A761-E4A486E88DC3}.Release|Any CPU.ActiveCfg = Release|Any CPU
		{E8D18E21-60BD-40E2-A761-E4A486E88DC3}.Release|Any CPU.Build.0 = Release|Any CPU
		{E8D18E21-60BD-40E2-A761-E4A486E88DC3}.Release|x64.ActiveCfg = Release|Any CPU
		{E8D18E21-60BD-40E2-A761-E4A486E88DC3}.Release|x64.Build.0 = Release|Any CPU
		{E8D18E21-60BD-40E2-A761-E4A486E88DC3}.Release|x86.ActiveCfg = Release|Any CPU
		{E8D18E21-60BD-40E2-A761-E4A486E88DC3}.Release|x86.Build.0 = Release|Any CPU
		{67E3EB95-9AFB-4541-A989-B62FD26AA9E1}.Debug|Any CPU.ActiveCfg = Debug|Any CPU
		{67E3EB95-9AFB-4541-A989-B62FD26AA9E1}.Debug|Any CPU.Build.0 = Debug|Any CPU
		{67E3EB95-9AFB-4541-A989-B62FD26AA9E1}.Debug|x64.ActiveCfg = Debug|Any CPU
		{67E3EB95-9AFB-4541-A989-B62FD26AA9E1}.Debug|x64.Build.0 = Debug|Any CPU
		{67E3EB95-9AFB-4541-A989-B62FD26AA9E1}.Debug|x86.ActiveCfg = Debug|Any CPU
		{67E3EB95-9AFB-4541-A989-B62FD26AA9E1}.Debug|x86.Build.0 = Debug|Any CPU
		{67E3EB95-9AFB-4541-A989-B62FD26AA9E1}.Release|Any CPU.ActiveCfg = Release|Any CPU
		{67E3EB95-9AFB-4541-A989-B62FD26AA9E1}.Release|Any CPU.Build.0 = Release|Any CPU
		{67E3EB95-9AFB-4541-A989-B62FD26AA9E1}.Release|x64.ActiveCfg = Release|Any CPU
		{67E3EB95-9AFB-4541-A989-B62FD26AA9E1}.Release|x64.Build.0 = Release|Any CPU
		{67E3EB95-9AFB-4541-A989-B62FD26AA9E1}.Release|x86.ActiveCfg = Release|Any CPU
		{67E3EB95-9AFB-4541-A989-B62FD26AA9E1}.Release|x86.Build.0 = Release|Any CPU
		{048E8CA0-9159-4689-AF40-0D84ED7FC513}.Debug|Any CPU.ActiveCfg = Debug|Any CPU
		{048E8CA0-9159-4689-AF40-0D84ED7FC513}.Debug|Any CPU.Build.0 = Debug|Any CPU
		{048E8CA0-9159-4689-AF40-0D84ED7FC513}.Debug|x64.ActiveCfg = Debug|Any CPU
		{048E8CA0-9159-4689-AF40-0D84ED7FC513}.Debug|x64.Build.0 = Debug|Any CPU
		{048E8CA0-9159-4689-AF40-0D84ED7FC513}.Debug|x86.ActiveCfg = Debug|Any CPU
		{048E8CA0-9159-4689-AF40-0D84ED7FC513}.Debug|x86.Build.0 = Debug|Any CPU
		{048E8CA0-9159-4689-AF40-0D84ED7FC513}.Release|Any CPU.ActiveCfg = Release|Any CPU
		{048E8CA0-9159-4689-AF40-0D84ED7FC513}.Release|Any CPU.Build.0 = Release|Any CPU
		{048E8CA0-9159-4689-AF40-0D84ED7FC513}.Release|x64.ActiveCfg = Release|Any CPU
		{048E8CA0-9159-4689-AF40-0D84ED7FC513}.Release|x64.Build.0 = Release|Any CPU
		{048E8CA0-9159-4689-AF40-0D84ED7FC513}.Release|x86.ActiveCfg = Release|Any CPU
		{048E8CA0-9159-4689-AF40-0D84ED7FC513}.Release|x86.Build.0 = Release|Any CPU
		{7CCBF7CE-2225-457F-A3F1-24B617A9B98C}.Debug|Any CPU.ActiveCfg = Debug|Win32
		{7CCBF7CE-2225-457F-A3F1-24B617A9B98C}.Debug|x64.ActiveCfg = Debug|x64
		{7CCBF7CE-2225-457F-A3F1-24B617A9B98C}.Debug|x64.Build.0 = Debug|x64
		{7CCBF7CE-2225-457F-A3F1-24B617A9B98C}.Debug|x86.ActiveCfg = Debug|Win32
		{7CCBF7CE-2225-457F-A3F1-24B617A9B98C}.Debug|x86.Build.0 = Debug|Win32
		{7CCBF7CE-2225-457F-A3F1-24B617A9B98C}.Release|Any CPU.ActiveCfg = Release|Win32
		{7CCBF7CE-2225-457F-A3F1-24B617A9B98C}.Release|x64.ActiveCfg = Release|x64
		{7CCBF7CE-2225-457F-A3F1-24B617A9B98C}.Release|x64.Build.0 = Release|x64
		{7CCBF7CE-2225-457F-A3F1-24B617A9B98C}.Release|x86.ActiveCfg = Release|Win32
		{7CCBF7CE-2225-457F-A3F1-24B617A9B98C}.Release|x86.Build.0 = Release|Win32
		{27B9FCBE-4C57-426A-8936-923D888EC3C4}.Debug|Any CPU.ActiveCfg = Debug|Win32
		{27B9FCBE-4C57-426A-8936-923D888EC3C4}.Debug|x64.ActiveCfg = Debug|x64
		{27B9FCBE-4C57-426A-8936-923D888EC3C4}.Debug|x64.Build.0 = Debug|x64
		{27B9FCBE-4C57-426A-8936-923D888EC3C4}.Debug|x86.ActiveCfg = Debug|Win32
		{27B9FCBE-4C57-426A-8936-923D888EC3C4}.Debug|x86.Build.0 = Debug|Win32
		{27B9FCBE-4C57-426A-8936-923D888EC3C4}.Release|Any CPU.ActiveCfg = Release|Win32
		{27B9FCBE-4C57-426A-8936-923D888EC3C4}.Release|x64.ActiveCfg = Release|x64
		{27B9FCBE-4C57-426A-8936-923D888EC3C4}.Release|x64.Build.0 = Release|x64
		{27B9FCBE-4C57-426A-8936-923D888EC3C4}.Release|x86.ActiveCfg = Release|Win32
		{27B9FCBE-4C57-426A-8936-923D888EC3C4}.Release|x86.Build.0 = Release|Win32
		{E94A619B-5187-4CCD-9FB0-28514C21A37A}.Debug|Any CPU.ActiveCfg = Debug|Any CPU
		{E94A619B-5187-4CCD-9FB0-28514C21A37A}.Debug|Any CPU.Build.0 = Debug|Any CPU
		{E94A619B-5187-4CCD-9FB0-28514C21A37A}.Debug|x64.ActiveCfg = Debug|Any CPU
		{E94A619B-5187-4CCD-9FB0-28514C21A37A}.Debug|x64.Build.0 = Debug|Any CPU
		{E94A619B-5187-4CCD-9FB0-28514C21A37A}.Debug|x86.ActiveCfg = Debug|Any CPU
		{E94A619B-5187-4CCD-9FB0-28514C21A37A}.Debug|x86.Build.0 = Debug|Any CPU
		{E94A619B-5187-4CCD-9FB0-28514C21A37A}.Release|Any CPU.ActiveCfg = Release|Any CPU
		{E94A619B-5187-4CCD-9FB0-28514C21A37A}.Release|Any CPU.Build.0 = Release|Any CPU
		{E94A619B-5187-4CCD-9FB0-28514C21A37A}.Release|x64.ActiveCfg = Release|Any CPU
		{E94A619B-5187-4CCD-9FB0-28514C21A37A}.Release|x64.Build.0 = Release|Any CPU
		{E94A619B-5187-4CCD-9FB0-28514C21A37A}.Release|x86.ActiveCfg = Release|Any CPU
		{E94A619B-5187-4CCD-9FB0-28514C21A37A}.Release|x86.Build.0 = Release|Any CPU
		{D059A014-CB35-4809-8E31-826C74974754}.Debug|Any CPU.ActiveCfg = Debug|Any CPU
		{D059A014-CB35-4809-8E31-826C74974754}.Debug|Any CPU.Build.0 = Debug|Any CPU
		{D059A014-CB35-4809-8E31-826C74974754}.Debug|x64.ActiveCfg = Debug|Any CPU
		{D059A014-CB35-4809-8E31-826C74974754}.Debug|x64.Build.0 = Debug|Any CPU
		{D059A014-CB35-4809-8E31-826C74974754}.Debug|x86.ActiveCfg = Debug|Any CPU
		{D059A014-CB35-4809-8E31-826C74974754}.Debug|x86.Build.0 = Debug|Any CPU
		{D059A014-CB35-4809-8E31-826C74974754}.Release|Any CPU.ActiveCfg = Release|Any CPU
		{D059A014-CB35-4809-8E31-826C74974754}.Release|Any CPU.Build.0 = Release|Any CPU
		{D059A014-CB35-4809-8E31-826C74974754}.Release|x64.ActiveCfg = Release|Any CPU
		{D059A014-CB35-4809-8E31-826C74974754}.Release|x64.Build.0 = Release|Any CPU
		{D059A014-CB35-4809-8E31-826C74974754}.Release|x86.ActiveCfg = Release|Any CPU
		{D059A014-CB35-4809-8E31-826C74974754}.Release|x86.Build.0 = Release|Any CPU
		{0D091D07-8438-4883-B4AC-98E819B9ACF5}.Debug|Any CPU.ActiveCfg = Debug|Any CPU
		{0D091D07-8438-4883-B4AC-98E819B9ACF5}.Debug|Any CPU.Build.0 = Debug|Any CPU
		{0D091D07-8438-4883-B4AC-98E819B9ACF5}.Debug|x64.ActiveCfg = Debug|Any CPU
		{0D091D07-8438-4883-B4AC-98E819B9ACF5}.Debug|x64.Build.0 = Debug|Any CPU
		{0D091D07-8438-4883-B4AC-98E819B9ACF5}.Debug|x86.ActiveCfg = Debug|Any CPU
		{0D091D07-8438-4883-B4AC-98E819B9ACF5}.Debug|x86.Build.0 = Debug|Any CPU
		{0D091D07-8438-4883-B4AC-98E819B9ACF5}.Release|Any CPU.ActiveCfg = Release|Any CPU
		{0D091D07-8438-4883-B4AC-98E819B9ACF5}.Release|Any CPU.Build.0 = Release|Any CPU
		{0D091D07-8438-4883-B4AC-98E819B9ACF5}.Release|x64.ActiveCfg = Release|Any CPU
		{0D091D07-8438-4883-B4AC-98E819B9ACF5}.Release|x64.Build.0 = Release|Any CPU
		{0D091D07-8438-4883-B4AC-98E819B9ACF5}.Release|x86.ActiveCfg = Release|Any CPU
		{0D091D07-8438-4883-B4AC-98E819B9ACF5}.Release|x86.Build.0 = Release|Any CPU
		{BDDE174D-F83A-4673-AF1B-1F9460F557F2}.Debug|Any CPU.ActiveCfg = Debug|Any CPU
		{BDDE174D-F83A-4673-AF1B-1F9460F557F2}.Debug|Any CPU.Build.0 = Debug|Any CPU
		{BDDE174D-F83A-4673-AF1B-1F9460F557F2}.Debug|x64.ActiveCfg = Debug|Any CPU
		{BDDE174D-F83A-4673-AF1B-1F9460F557F2}.Debug|x64.Build.0 = Debug|Any CPU
		{BDDE174D-F83A-4673-AF1B-1F9460F557F2}.Debug|x86.ActiveCfg = Debug|Any CPU
		{BDDE174D-F83A-4673-AF1B-1F9460F557F2}.Debug|x86.Build.0 = Debug|Any CPU
		{BDDE174D-F83A-4673-AF1B-1F9460F557F2}.Release|Any CPU.ActiveCfg = Release|Any CPU
		{BDDE174D-F83A-4673-AF1B-1F9460F557F2}.Release|Any CPU.Build.0 = Release|Any CPU
		{BDDE174D-F83A-4673-AF1B-1F9460F557F2}.Release|x64.ActiveCfg = Release|Any CPU
		{BDDE174D-F83A-4673-AF1B-1F9460F557F2}.Release|x64.Build.0 = Release|Any CPU
		{BDDE174D-F83A-4673-AF1B-1F9460F557F2}.Release|x86.ActiveCfg = Release|Any CPU
		{BDDE174D-F83A-4673-AF1B-1F9460F557F2}.Release|x86.Build.0 = Release|Any CPU
		{2A6DF721-6521-4283-BEC7-AE0A1C3AC368}.Debug|Any CPU.ActiveCfg = Debug|Any CPU
		{2A6DF721-6521-4283-BEC7-AE0A1C3AC368}.Debug|Any CPU.Build.0 = Debug|Any CPU
		{2A6DF721-6521-4283-BEC7-AE0A1C3AC368}.Debug|x64.ActiveCfg = Debug|Any CPU
		{2A6DF721-6521-4283-BEC7-AE0A1C3AC368}.Debug|x64.Build.0 = Debug|Any CPU
		{2A6DF721-6521-4283-BEC7-AE0A1C3AC368}.Debug|x86.ActiveCfg = Debug|Any CPU
		{2A6DF721-6521-4283-BEC7-AE0A1C3AC368}.Debug|x86.Build.0 = Debug|Any CPU
		{2A6DF721-6521-4283-BEC7-AE0A1C3AC368}.Release|Any CPU.ActiveCfg = Release|Any CPU
		{2A6DF721-6521-4283-BEC7-AE0A1C3AC368}.Release|Any CPU.Build.0 = Release|Any CPU
		{2A6DF721-6521-4283-BEC7-AE0A1C3AC368}.Release|x64.ActiveCfg = Release|Any CPU
		{2A6DF721-6521-4283-BEC7-AE0A1C3AC368}.Release|x64.Build.0 = Release|Any CPU
		{2A6DF721-6521-4283-BEC7-AE0A1C3AC368}.Release|x86.ActiveCfg = Release|Any CPU
		{2A6DF721-6521-4283-BEC7-AE0A1C3AC368}.Release|x86.Build.0 = Release|Any CPU
		{A0862F00-C469-4A8B-8945-BD75697AA0F0}.Debug|Any CPU.ActiveCfg = Debug|Win32
		{A0862F00-C469-4A8B-8945-BD75697AA0F0}.Debug|x64.ActiveCfg = Debug|x64
		{A0862F00-C469-4A8B-8945-BD75697AA0F0}.Debug|x64.Build.0 = Debug|x64
		{A0862F00-C469-4A8B-8945-BD75697AA0F0}.Debug|x86.ActiveCfg = Debug|Win32
		{A0862F00-C469-4A8B-8945-BD75697AA0F0}.Debug|x86.Build.0 = Debug|Win32
		{A0862F00-C469-4A8B-8945-BD75697AA0F0}.Release|Any CPU.ActiveCfg = Release|Win32
		{A0862F00-C469-4A8B-8945-BD75697AA0F0}.Release|x64.ActiveCfg = Release|x64
		{A0862F00-C469-4A8B-8945-BD75697AA0F0}.Release|x64.Build.0 = Release|x64
		{A0862F00-C469-4A8B-8945-BD75697AA0F0}.Release|x86.ActiveCfg = Release|Win32
		{A0862F00-C469-4A8B-8945-BD75697AA0F0}.Release|x86.Build.0 = Release|Win32
		{AA472F0C-0CF5-4ACA-B48D-0F2B89948345}.Debug|Any CPU.ActiveCfg = Debug|Any CPU
		{AA472F0C-0CF5-4ACA-B48D-0F2B89948345}.Debug|Any CPU.Build.0 = Debug|Any CPU
		{AA472F0C-0CF5-4ACA-B48D-0F2B89948345}.Debug|x64.ActiveCfg = Debug|Any CPU
		{AA472F0C-0CF5-4ACA-B48D-0F2B89948345}.Debug|x64.Build.0 = Debug|Any CPU
		{AA472F0C-0CF5-4ACA-B48D-0F2B89948345}.Debug|x86.ActiveCfg = Debug|Any CPU
		{AA472F0C-0CF5-4ACA-B48D-0F2B89948345}.Debug|x86.Build.0 = Debug|Any CPU
		{AA472F0C-0CF5-4ACA-B48D-0F2B89948345}.Release|Any CPU.ActiveCfg = Release|Any CPU
		{AA472F0C-0CF5-4ACA-B48D-0F2B89948345}.Release|Any CPU.Build.0 = Release|Any CPU
		{AA472F0C-0CF5-4ACA-B48D-0F2B89948345}.Release|x64.ActiveCfg = Release|Any CPU
		{AA472F0C-0CF5-4ACA-B48D-0F2B89948345}.Release|x64.Build.0 = Release|Any CPU
		{AA472F0C-0CF5-4ACA-B48D-0F2B89948345}.Release|x86.ActiveCfg = Release|Any CPU
		{AA472F0C-0CF5-4ACA-B48D-0F2B89948345}.Release|x86.Build.0 = Release|Any CPU
		{7EC8FCA9-839E-4E4D-A3FF-994563CF5825}.Debug|Any CPU.ActiveCfg = Debug|Win32
		{7EC8FCA9-839E-4E4D-A3FF-994563CF5825}.Debug|x64.ActiveCfg = Debug|x64
		{7EC8FCA9-839E-4E4D-A3FF-994563CF5825}.Debug|x64.Build.0 = Debug|x64
		{7EC8FCA9-839E-4E4D-A3FF-994563CF5825}.Debug|x86.ActiveCfg = Debug|Win32
		{7EC8FCA9-839E-4E4D-A3FF-994563CF5825}.Debug|x86.Build.0 = Debug|Win32
		{7EC8FCA9-839E-4E4D-A3FF-994563CF5825}.Release|Any CPU.ActiveCfg = Release|Win32
		{7EC8FCA9-839E-4E4D-A3FF-994563CF5825}.Release|x64.ActiveCfg = Release|x64
		{7EC8FCA9-839E-4E4D-A3FF-994563CF5825}.Release|x64.Build.0 = Release|x64
		{7EC8FCA9-839E-4E4D-A3FF-994563CF5825}.Release|x86.ActiveCfg = Release|Win32
		{7EC8FCA9-839E-4E4D-A3FF-994563CF5825}.Release|x86.Build.0 = Release|Win32
		{DEDC1FCA-D5BA-4113-BCF7-F60EDE2BADC1}.Debug|Any CPU.ActiveCfg = Debug|Win32
		{DEDC1FCA-D5BA-4113-BCF7-F60EDE2BADC1}.Debug|x64.ActiveCfg = Debug|x64
		{DEDC1FCA-D5BA-4113-BCF7-F60EDE2BADC1}.Debug|x64.Build.0 = Debug|x64
		{DEDC1FCA-D5BA-4113-BCF7-F60EDE2BADC1}.Debug|x86.ActiveCfg = Debug|Win32
		{DEDC1FCA-D5BA-4113-BCF7-F60EDE2BADC1}.Debug|x86.Build.0 = Debug|Win32
		{DEDC1FCA-D5BA-4113-BCF7-F60EDE2BADC1}.Release|Any CPU.ActiveCfg = Release|Win32
		{DEDC1FCA-D5BA-4113-BCF7-F60EDE2BADC1}.Release|x64.ActiveCfg = Release|x64
		{DEDC1FCA-D5BA-4113-BCF7-F60EDE2BADC1}.Release|x64.Build.0 = Release|x64
		{DEDC1FCA-D5BA-4113-BCF7-F60EDE2BADC1}.Release|x86.ActiveCfg = Release|Win32
		{DEDC1FCA-D5BA-4113-BCF7-F60EDE2BADC1}.Release|x86.Build.0 = Release|Win32
		{8105ADA2-67EB-4928-BA96-A09E0DA1A1B8}.Debug|Any CPU.ActiveCfg = Debug|Win32
		{8105ADA2-67EB-4928-BA96-A09E0DA1A1B8}.Debug|x64.ActiveCfg = Debug|x64
		{8105ADA2-67EB-4928-BA96-A09E0DA1A1B8}.Debug|x64.Build.0 = Debug|x64
		{8105ADA2-67EB-4928-BA96-A09E0DA1A1B8}.Debug|x86.ActiveCfg = Debug|Win32
		{8105ADA2-67EB-4928-BA96-A09E0DA1A1B8}.Debug|x86.Build.0 = Debug|Win32
		{8105ADA2-67EB-4928-BA96-A09E0DA1A1B8}.Release|Any CPU.ActiveCfg = Release|Win32
		{8105ADA2-67EB-4928-BA96-A09E0DA1A1B8}.Release|x64.ActiveCfg = Release|x64
		{8105ADA2-67EB-4928-BA96-A09E0DA1A1B8}.Release|x64.Build.0 = Release|x64
		{8105ADA2-67EB-4928-BA96-A09E0DA1A1B8}.Release|x86.ActiveCfg = Release|Win32
		{8105ADA2-67EB-4928-BA96-A09E0DA1A1B8}.Release|x86.Build.0 = Release|Win32
		{815FA115-F2CB-4BF0-AC81-EC11A458C1EA}.Debug|Any CPU.ActiveCfg = Debug|Any CPU
		{815FA115-F2CB-4BF0-AC81-EC11A458C1EA}.Debug|Any CPU.Build.0 = Debug|Any CPU
		{815FA115-F2CB-4BF0-AC81-EC11A458C1EA}.Debug|x64.ActiveCfg = Debug|Any CPU
		{815FA115-F2CB-4BF0-AC81-EC11A458C1EA}.Debug|x64.Build.0 = Debug|Any CPU
		{815FA115-F2CB-4BF0-AC81-EC11A458C1EA}.Debug|x86.ActiveCfg = Debug|Any CPU
		{815FA115-F2CB-4BF0-AC81-EC11A458C1EA}.Debug|x86.Build.0 = Debug|Any CPU
		{815FA115-F2CB-4BF0-AC81-EC11A458C1EA}.Release|Any CPU.ActiveCfg = Release|Any CPU
		{815FA115-F2CB-4BF0-AC81-EC11A458C1EA}.Release|Any CPU.Build.0 = Release|Any CPU
		{815FA115-F2CB-4BF0-AC81-EC11A458C1EA}.Release|x64.ActiveCfg = Release|Any CPU
		{815FA115-F2CB-4BF0-AC81-EC11A458C1EA}.Release|x64.Build.0 = Release|Any CPU
		{815FA115-F2CB-4BF0-AC81-EC11A458C1EA}.Release|x86.ActiveCfg = Release|Any CPU
		{815FA115-F2CB-4BF0-AC81-EC11A458C1EA}.Release|x86.Build.0 = Release|Any CPU
		{AC1DCF4B-B3FF-43FE-A1CB-5C57D334A08C}.Debug|Any CPU.ActiveCfg = Debug|Any CPU
		{AC1DCF4B-B3FF-43FE-A1CB-5C57D334A08C}.Debug|Any CPU.Build.0 = Debug|Any CPU
		{AC1DCF4B-B3FF-43FE-A1CB-5C57D334A08C}.Debug|x64.ActiveCfg = Debug|Any CPU
		{AC1DCF4B-B3FF-43FE-A1CB-5C57D334A08C}.Debug|x64.Build.0 = Debug|Any CPU
		{AC1DCF4B-B3FF-43FE-A1CB-5C57D334A08C}.Debug|x86.ActiveCfg = Debug|Any CPU
		{AC1DCF4B-B3FF-43FE-A1CB-5C57D334A08C}.Debug|x86.Build.0 = Debug|Any CPU
		{AC1DCF4B-B3FF-43FE-A1CB-5C57D334A08C}.Release|Any CPU.ActiveCfg = Release|Any CPU
		{AC1DCF4B-B3FF-43FE-A1CB-5C57D334A08C}.Release|Any CPU.Build.0 = Release|Any CPU
		{AC1DCF4B-B3FF-43FE-A1CB-5C57D334A08C}.Release|x64.ActiveCfg = Release|Any CPU
		{AC1DCF4B-B3FF-43FE-A1CB-5C57D334A08C}.Release|x64.Build.0 = Release|Any CPU
		{AC1DCF4B-B3FF-43FE-A1CB-5C57D334A08C}.Release|x86.ActiveCfg = Release|Any CPU
		{AC1DCF4B-B3FF-43FE-A1CB-5C57D334A08C}.Release|x86.Build.0 = Release|Any CPU
		{329DAFB6-7FA2-4A8E-852C-6175BD917B26}.Debug|Any CPU.ActiveCfg = Debug|Win32
		{329DAFB6-7FA2-4A8E-852C-6175BD917B26}.Debug|x64.ActiveCfg = Debug|x64
		{329DAFB6-7FA2-4A8E-852C-6175BD917B26}.Debug|x64.Build.0 = Debug|x64
		{329DAFB6-7FA2-4A8E-852C-6175BD917B26}.Debug|x86.ActiveCfg = Debug|Win32
		{329DAFB6-7FA2-4A8E-852C-6175BD917B26}.Debug|x86.Build.0 = Debug|Win32
		{329DAFB6-7FA2-4A8E-852C-6175BD917B26}.Release|Any CPU.ActiveCfg = Release|Win32
		{329DAFB6-7FA2-4A8E-852C-6175BD917B26}.Release|x64.ActiveCfg = Release|x64
		{329DAFB6-7FA2-4A8E-852C-6175BD917B26}.Release|x64.Build.0 = Release|x64
		{329DAFB6-7FA2-4A8E-852C-6175BD917B26}.Release|x86.ActiveCfg = Release|Win32
		{329DAFB6-7FA2-4A8E-852C-6175BD917B26}.Release|x86.Build.0 = Release|Win32
		{0F9F18F3-5E0C-4063-8F81-55709B732011}.Debug|Any CPU.ActiveCfg = Debug|Win32
		{0F9F18F3-5E0C-4063-8F81-55709B732011}.Debug|x64.ActiveCfg = Debug|x64
		{0F9F18F3-5E0C-4063-8F81-55709B732011}.Debug|x64.Build.0 = Debug|x64
		{0F9F18F3-5E0C-4063-8F81-55709B732011}.Debug|x86.ActiveCfg = Debug|Win32
		{0F9F18F3-5E0C-4063-8F81-55709B732011}.Debug|x86.Build.0 = Debug|Win32
		{0F9F18F3-5E0C-4063-8F81-55709B732011}.Release|Any CPU.ActiveCfg = Release|Win32
		{0F9F18F3-5E0C-4063-8F81-55709B732011}.Release|x64.ActiveCfg = Release|x64
		{0F9F18F3-5E0C-4063-8F81-55709B732011}.Release|x64.Build.0 = Release|x64
		{0F9F18F3-5E0C-4063-8F81-55709B732011}.Release|x86.ActiveCfg = Release|Win32
		{0F9F18F3-5E0C-4063-8F81-55709B732011}.Release|x86.Build.0 = Release|Win32
		{D3CC2F67-ED0E-4AD9-8CC9-6BDD222BB9F7}.Debug|Any CPU.ActiveCfg = Debug|Win32
		{D3CC2F67-ED0E-4AD9-8CC9-6BDD222BB9F7}.Debug|x64.ActiveCfg = Debug|x64
		{D3CC2F67-ED0E-4AD9-8CC9-6BDD222BB9F7}.Debug|x64.Build.0 = Debug|x64
		{D3CC2F67-ED0E-4AD9-8CC9-6BDD222BB9F7}.Debug|x86.ActiveCfg = Debug|Win32
		{D3CC2F67-ED0E-4AD9-8CC9-6BDD222BB9F7}.Debug|x86.Build.0 = Debug|Win32
		{D3CC2F67-ED0E-4AD9-8CC9-6BDD222BB9F7}.Release|Any CPU.ActiveCfg = Release|Win32
		{D3CC2F67-ED0E-4AD9-8CC9-6BDD222BB9F7}.Release|x64.ActiveCfg = Release|x64
		{D3CC2F67-ED0E-4AD9-8CC9-6BDD222BB9F7}.Release|x64.Build.0 = Release|x64
		{D3CC2F67-ED0E-4AD9-8CC9-6BDD222BB9F7}.Release|x86.ActiveCfg = Release|Win32
		{D3CC2F67-ED0E-4AD9-8CC9-6BDD222BB9F7}.Release|x86.Build.0 = Release|Win32
		{33DB1E9E-46EF-46B2-9448-20E764125561}.Debug|Any CPU.ActiveCfg = Debug|Any CPU
		{33DB1E9E-46EF-46B2-9448-20E764125561}.Debug|Any CPU.Build.0 = Debug|Any CPU
		{33DB1E9E-46EF-46B2-9448-20E764125561}.Debug|x64.ActiveCfg = Debug|Any CPU
		{33DB1E9E-46EF-46B2-9448-20E764125561}.Debug|x64.Build.0 = Debug|Any CPU
		{33DB1E9E-46EF-46B2-9448-20E764125561}.Debug|x86.ActiveCfg = Debug|Any CPU
		{33DB1E9E-46EF-46B2-9448-20E764125561}.Debug|x86.Build.0 = Debug|Any CPU
		{33DB1E9E-46EF-46B2-9448-20E764125561}.Release|Any CPU.ActiveCfg = Release|Any CPU
		{33DB1E9E-46EF-46B2-9448-20E764125561}.Release|Any CPU.Build.0 = Release|Any CPU
		{33DB1E9E-46EF-46B2-9448-20E764125561}.Release|x64.ActiveCfg = Release|Any CPU
		{33DB1E9E-46EF-46B2-9448-20E764125561}.Release|x64.Build.0 = Release|Any CPU
		{33DB1E9E-46EF-46B2-9448-20E764125561}.Release|x86.ActiveCfg = Release|Any CPU
		{33DB1E9E-46EF-46B2-9448-20E764125561}.Release|x86.Build.0 = Release|Any CPU
		{53077FA7-8AFF-4D3A-AA8C-BB2E40902CA0}.Debug|Any CPU.ActiveCfg = Debug|Any CPU
		{53077FA7-8AFF-4D3A-AA8C-BB2E40902CA0}.Debug|Any CPU.Build.0 = Debug|Any CPU
		{53077FA7-8AFF-4D3A-AA8C-BB2E40902CA0}.Debug|x64.ActiveCfg = Debug|Any CPU
		{53077FA7-8AFF-4D3A-AA8C-BB2E40902CA0}.Debug|x64.Build.0 = Debug|Any CPU
		{53077FA7-8AFF-4D3A-AA8C-BB2E40902CA0}.Debug|x86.ActiveCfg = Debug|Any CPU
		{53077FA7-8AFF-4D3A-AA8C-BB2E40902CA0}.Debug|x86.Build.0 = Debug|Any CPU
		{53077FA7-8AFF-4D3A-AA8C-BB2E40902CA0}.Release|Any CPU.ActiveCfg = Release|Any CPU
		{53077FA7-8AFF-4D3A-AA8C-BB2E40902CA0}.Release|Any CPU.Build.0 = Release|Any CPU
		{53077FA7-8AFF-4D3A-AA8C-BB2E40902CA0}.Release|x64.ActiveCfg = Release|Any CPU
		{53077FA7-8AFF-4D3A-AA8C-BB2E40902CA0}.Release|x64.Build.0 = Release|Any CPU
		{53077FA7-8AFF-4D3A-AA8C-BB2E40902CA0}.Release|x86.ActiveCfg = Release|Any CPU
		{53077FA7-8AFF-4D3A-AA8C-BB2E40902CA0}.Release|x86.Build.0 = Release|Any CPU
		{C53623EC-2767-4B84-8443-B4F8EF715097}.Debug|Any CPU.ActiveCfg = Debug|Any CPU
		{C53623EC-2767-4B84-8443-B4F8EF715097}.Debug|Any CPU.Build.0 = Debug|Any CPU
		{C53623EC-2767-4B84-8443-B4F8EF715097}.Debug|x64.ActiveCfg = Debug|Any CPU
		{C53623EC-2767-4B84-8443-B4F8EF715097}.Debug|x64.Build.0 = Debug|Any CPU
		{C53623EC-2767-4B84-8443-B4F8EF715097}.Debug|x86.ActiveCfg = Debug|Any CPU
		{C53623EC-2767-4B84-8443-B4F8EF715097}.Debug|x86.Build.0 = Debug|Any CPU
		{C53623EC-2767-4B84-8443-B4F8EF715097}.Release|Any CPU.ActiveCfg = Release|Any CPU
		{C53623EC-2767-4B84-8443-B4F8EF715097}.Release|Any CPU.Build.0 = Release|Any CPU
		{C53623EC-2767-4B84-8443-B4F8EF715097}.Release|x64.ActiveCfg = Release|Any CPU
		{C53623EC-2767-4B84-8443-B4F8EF715097}.Release|x64.Build.0 = Release|Any CPU
		{C53623EC-2767-4B84-8443-B4F8EF715097}.Release|x86.ActiveCfg = Release|Any CPU
		{C53623EC-2767-4B84-8443-B4F8EF715097}.Release|x86.Build.0 = Release|Any CPU
		{A8CAF2E0-2F0B-4928-AFD1-CA2E6AB00D54}.Debug|Any CPU.ActiveCfg = Debug|Win32
		{A8CAF2E0-2F0B-4928-AFD1-CA2E6AB00D54}.Debug|x64.ActiveCfg = Debug|x64
		{A8CAF2E0-2F0B-4928-AFD1-CA2E6AB00D54}.Debug|x64.Build.0 = Debug|x64
		{A8CAF2E0-2F0B-4928-AFD1-CA2E6AB00D54}.Debug|x86.ActiveCfg = Debug|Win32
		{A8CAF2E0-2F0B-4928-AFD1-CA2E6AB00D54}.Debug|x86.Build.0 = Debug|Win32
		{A8CAF2E0-2F0B-4928-AFD1-CA2E6AB00D54}.Release|Any CPU.ActiveCfg = Release|Win32
		{A8CAF2E0-2F0B-4928-AFD1-CA2E6AB00D54}.Release|x64.ActiveCfg = Release|x64
		{A8CAF2E0-2F0B-4928-AFD1-CA2E6AB00D54}.Release|x64.Build.0 = Release|x64
		{A8CAF2E0-2F0B-4928-AFD1-CA2E6AB00D54}.Release|x86.ActiveCfg = Release|Win32
		{A8CAF2E0-2F0B-4928-AFD1-CA2E6AB00D54}.Release|x86.Build.0 = Release|Win32
		{87D2A05C-FE59-4A21-86DE-E812E1D39135}.Debug|Any CPU.ActiveCfg = Debug|Win32
		{87D2A05C-FE59-4A21-86DE-E812E1D39135}.Debug|x64.ActiveCfg = Debug|x64
		{87D2A05C-FE59-4A21-86DE-E812E1D39135}.Debug|x64.Build.0 = Debug|x64
		{87D2A05C-FE59-4A21-86DE-E812E1D39135}.Debug|x86.ActiveCfg = Debug|Win32
		{87D2A05C-FE59-4A21-86DE-E812E1D39135}.Debug|x86.Build.0 = Debug|Win32
		{87D2A05C-FE59-4A21-86DE-E812E1D39135}.Release|Any CPU.ActiveCfg = Release|Win32
		{87D2A05C-FE59-4A21-86DE-E812E1D39135}.Release|x64.ActiveCfg = Release|x64
		{87D2A05C-FE59-4A21-86DE-E812E1D39135}.Release|x64.Build.0 = Release|x64
		{87D2A05C-FE59-4A21-86DE-E812E1D39135}.Release|x86.ActiveCfg = Release|Win32
		{87D2A05C-FE59-4A21-86DE-E812E1D39135}.Release|x86.Build.0 = Release|Win32
		{16471648-D3C4-4CBF-8A84-317ED65BF2EA}.Debug|Any CPU.ActiveCfg = Debug|Win32
		{16471648-D3C4-4CBF-8A84-317ED65BF2EA}.Debug|x64.ActiveCfg = Debug|x64
		{16471648-D3C4-4CBF-8A84-317ED65BF2EA}.Debug|x64.Build.0 = Debug|x64
		{16471648-D3C4-4CBF-8A84-317ED65BF2EA}.Debug|x86.ActiveCfg = Debug|Win32
		{16471648-D3C4-4CBF-8A84-317ED65BF2EA}.Debug|x86.Build.0 = Debug|Win32
		{16471648-D3C4-4CBF-8A84-317ED65BF2EA}.Release|Any CPU.ActiveCfg = Release|Win32
		{16471648-D3C4-4CBF-8A84-317ED65BF2EA}.Release|x64.ActiveCfg = Release|x64
		{16471648-D3C4-4CBF-8A84-317ED65BF2EA}.Release|x64.Build.0 = Release|x64
		{16471648-D3C4-4CBF-8A84-317ED65BF2EA}.Release|x86.ActiveCfg = Release|Win32
		{16471648-D3C4-4CBF-8A84-317ED65BF2EA}.Release|x86.Build.0 = Release|Win32
		{DC878541-EF8C-4110-B039-D7D01BAC4C89}.Debug|Any CPU.ActiveCfg = Debug|Win32
		{DC878541-EF8C-4110-B039-D7D01BAC4C89}.Debug|x64.ActiveCfg = Debug|x64
		{DC878541-EF8C-4110-B039-D7D01BAC4C89}.Debug|x64.Build.0 = Debug|x64
		{DC878541-EF8C-4110-B039-D7D01BAC4C89}.Debug|x86.ActiveCfg = Debug|Win32
		{DC878541-EF8C-4110-B039-D7D01BAC4C89}.Debug|x86.Build.0 = Debug|Win32
		{DC878541-EF8C-4110-B039-D7D01BAC4C89}.Release|Any CPU.ActiveCfg = Release|Win32
		{DC878541-EF8C-4110-B039-D7D01BAC4C89}.Release|x64.ActiveCfg = Release|x64
		{DC878541-EF8C-4110-B039-D7D01BAC4C89}.Release|x64.Build.0 = Release|x64
		{DC878541-EF8C-4110-B039-D7D01BAC4C89}.Release|x86.ActiveCfg = Release|Win32
		{DC878541-EF8C-4110-B039-D7D01BAC4C89}.Release|x86.Build.0 = Release|Win32
		{2C29FA9B-AC6D-4CF0-88CC-FECDF996FE33}.Debug|Any CPU.ActiveCfg = Debug|Win32
		{2C29FA9B-AC6D-4CF0-88CC-FECDF996FE33}.Debug|x64.ActiveCfg = Debug|x64
		{2C29FA9B-AC6D-4CF0-88CC-FECDF996FE33}.Debug|x64.Build.0 = Debug|x64
		{2C29FA9B-AC6D-4CF0-88CC-FECDF996FE33}.Debug|x86.ActiveCfg = Debug|Win32
		{2C29FA9B-AC6D-4CF0-88CC-FECDF996FE33}.Debug|x86.Build.0 = Debug|Win32
		{2C29FA9B-AC6D-4CF0-88CC-FECDF996FE33}.Release|Any CPU.ActiveCfg = Release|Win32
		{2C29FA9B-AC6D-4CF0-88CC-FECDF996FE33}.Release|x64.ActiveCfg = Release|x64
		{2C29FA9B-AC6D-4CF0-88CC-FECDF996FE33}.Release|x64.Build.0 = Release|x64
		{2C29FA9B-AC6D-4CF0-88CC-FECDF996FE33}.Release|x86.ActiveCfg = Release|Win32
		{2C29FA9B-AC6D-4CF0-88CC-FECDF996FE33}.Release|x86.Build.0 = Release|Win32
		{9248B2D4-0C53-47B0-B392-244095B59861}.Debug|Any CPU.ActiveCfg = Debug|Win32
		{9248B2D4-0C53-47B0-B392-244095B59861}.Debug|x64.ActiveCfg = Debug|x64
		{9248B2D4-0C53-47B0-B392-244095B59861}.Debug|x64.Build.0 = Debug|x64
		{9248B2D4-0C53-47B0-B392-244095B59861}.Debug|x86.ActiveCfg = Debug|Win32
		{9248B2D4-0C53-47B0-B392-244095B59861}.Debug|x86.Build.0 = Debug|Win32
		{9248B2D4-0C53-47B0-B392-244095B59861}.Release|Any CPU.ActiveCfg = Release|Win32
		{9248B2D4-0C53-47B0-B392-244095B59861}.Release|x64.ActiveCfg = Release|x64
		{9248B2D4-0C53-47B0-B392-244095B59861}.Release|x64.Build.0 = Release|x64
		{9248B2D4-0C53-47B0-B392-244095B59861}.Release|x86.ActiveCfg = Release|Win32
		{9248B2D4-0C53-47B0-B392-244095B59861}.Release|x86.Build.0 = Release|Win32
		{C8F61A53-05B5-498D-AFAF-A89A481F2446}.Debug|Any CPU.ActiveCfg = Debug|Win32
		{C8F61A53-05B5-498D-AFAF-A89A481F2446}.Debug|x64.ActiveCfg = Debug|x64
		{C8F61A53-05B5-498D-AFAF-A89A481F2446}.Debug|x64.Build.0 = Debug|x64
		{C8F61A53-05B5-498D-AFAF-A89A481F2446}.Debug|x86.ActiveCfg = Debug|Win32
		{C8F61A53-05B5-498D-AFAF-A89A481F2446}.Debug|x86.Build.0 = Debug|Win32
		{C8F61A53-05B5-498D-AFAF-A89A481F2446}.Release|Any CPU.ActiveCfg = Release|Win32
		{C8F61A53-05B5-498D-AFAF-A89A481F2446}.Release|x64.ActiveCfg = Release|x64
		{C8F61A53-05B5-498D-AFAF-A89A481F2446}.Release|x64.Build.0 = Release|x64
		{C8F61A53-05B5-498D-AFAF-A89A481F2446}.Release|x86.ActiveCfg = Release|Win32
		{C8F61A53-05B5-498D-AFAF-A89A481F2446}.Release|x86.Build.0 = Release|Win32
		{A2DF3A5A-8992-40C5-8123-0A477E278BD3}.Debug|Any CPU.ActiveCfg = Debug|Win32
		{A2DF3A5A-8992-40C5-8123-0A477E278BD3}.Debug|x64.ActiveCfg = Debug|x64
		{A2DF3A5A-8992-40C5-8123-0A477E278BD3}.Debug|x64.Build.0 = Debug|x64
		{A2DF3A5A-8992-40C5-8123-0A477E278BD3}.Debug|x86.ActiveCfg = Debug|Win32
		{A2DF3A5A-8992-40C5-8123-0A477E278BD3}.Debug|x86.Build.0 = Debug|Win32
		{A2DF3A5A-8992-40C5-8123-0A477E278BD3}.Release|Any CPU.ActiveCfg = Release|Win32
		{A2DF3A5A-8992-40C5-8123-0A477E278BD3}.Release|x64.ActiveCfg = Release|x64
		{A2DF3A5A-8992-40C5-8123-0A477E278BD3}.Release|x64.Build.0 = Release|x64
		{A2DF3A5A-8992-40C5-8123-0A477E278BD3}.Release|x86.ActiveCfg = Release|Win32
		{A2DF3A5A-8992-40C5-8123-0A477E278BD3}.Release|x86.Build.0 = Release|Win32
		{5085F92F-BCB9-44A4-93EA-2EF862D8A9BE}.Debug|Any CPU.ActiveCfg = Debug|Win32
		{5085F92F-BCB9-44A4-93EA-2EF862D8A9BE}.Debug|x64.ActiveCfg = Debug|x64
		{5085F92F-BCB9-44A4-93EA-2EF862D8A9BE}.Debug|x64.Build.0 = Debug|x64
		{5085F92F-BCB9-44A4-93EA-2EF862D8A9BE}.Debug|x86.ActiveCfg = Debug|Win32
		{5085F92F-BCB9-44A4-93EA-2EF862D8A9BE}.Debug|x86.Build.0 = Debug|Win32
		{5085F92F-BCB9-44A4-93EA-2EF862D8A9BE}.Release|Any CPU.ActiveCfg = Release|Win32
		{5085F92F-BCB9-44A4-93EA-2EF862D8A9BE}.Release|x64.ActiveCfg = Release|x64
		{5085F92F-BCB9-44A4-93EA-2EF862D8A9BE}.Release|x64.Build.0 = Release|x64
		{5085F92F-BCB9-44A4-93EA-2EF862D8A9BE}.Release|x86.ActiveCfg = Release|Win32
		{5085F92F-BCB9-44A4-93EA-2EF862D8A9BE}.Release|x86.Build.0 = Release|Win32
	EndGlobalSection
	GlobalSection(SolutionProperties) = preSolution
		HideSolutionNode = FALSE
	EndGlobalSection
	GlobalSection(NestedProjects) = preSolution
		{E2022117-46F7-4673-B07B-BD4D3913CEF7} = {338AA266-6972-48AD-847A-117DBBE578E9}
		{A1E73018-506C-4F19-9FE2-DE44D6244A72} = {338AA266-6972-48AD-847A-117DBBE578E9}
		{E8D18E21-60BD-40E2-A761-E4A486E88DC3} = {A1E73018-506C-4F19-9FE2-DE44D6244A72}
		{67E3EB95-9AFB-4541-A989-B62FD26AA9E1} = {A1E73018-506C-4F19-9FE2-DE44D6244A72}
		{048E8CA0-9159-4689-AF40-0D84ED7FC513} = {A1E73018-506C-4F19-9FE2-DE44D6244A72}
		{7CCBF7CE-2225-457F-A3F1-24B617A9B98C} = {0D636A4E-F199-4692-9F64-50AB365B19DB}
		{27B9FCBE-4C57-426A-8936-923D888EC3C4} = {0D636A4E-F199-4692-9F64-50AB365B19DB}
		{E94A619B-5187-4CCD-9FB0-28514C21A37A} = {A1E73018-506C-4F19-9FE2-DE44D6244A72}
		{D059A014-CB35-4809-8E31-826C74974754} = {A1E73018-506C-4F19-9FE2-DE44D6244A72}
		{98D155C1-D3A8-445A-8309-A4EA70365FF2} = {A1E73018-506C-4F19-9FE2-DE44D6244A72}
		{0D091D07-8438-4883-B4AC-98E819B9ACF5} = {98D155C1-D3A8-445A-8309-A4EA70365FF2}
		{BDDE174D-F83A-4673-AF1B-1F9460F557F2} = {98D155C1-D3A8-445A-8309-A4EA70365FF2}
		{2A6DF721-6521-4283-BEC7-AE0A1C3AC368} = {98D155C1-D3A8-445A-8309-A4EA70365FF2}
		{A0862F00-C469-4A8B-8945-BD75697AA0F0} = {0D636A4E-F199-4692-9F64-50AB365B19DB}
		{7AC6CFCA-23B3-45A4-819C-B2EB3798BDA0} = {338AA266-6972-48AD-847A-117DBBE578E9}
		{AA472F0C-0CF5-4ACA-B48D-0F2B89948345} = {7AC6CFCA-23B3-45A4-819C-B2EB3798BDA0}
		{7EC8FCA9-839E-4E4D-A3FF-994563CF5825} = {0D636A4E-F199-4692-9F64-50AB365B19DB}
		{DEDC1FCA-D5BA-4113-BCF7-F60EDE2BADC1} = {0D636A4E-F199-4692-9F64-50AB365B19DB}
		{8105ADA2-67EB-4928-BA96-A09E0DA1A1B8} = {0D636A4E-F199-4692-9F64-50AB365B19DB}
		{DF5B5EA9-39E8-4CF5-93BD-135717271848} = {338AA266-6972-48AD-847A-117DBBE578E9}
		{815FA115-F2CB-4BF0-AC81-EC11A458C1EA} = {DF5B5EA9-39E8-4CF5-93BD-135717271848}
		{AC1DCF4B-B3FF-43FE-A1CB-5C57D334A08C} = {6B2EDAEA-CF38-468F-8B8F-2394C1FEF5F9}
		{329DAFB6-7FA2-4A8E-852C-6175BD917B26} = {0D636A4E-F199-4692-9F64-50AB365B19DB}
		{CBFF64B0-0A49-4E2E-8BD3-F44F95424871} = {0D636A4E-F199-4692-9F64-50AB365B19DB}
		{0F9F18F3-5E0C-4063-8F81-55709B732011} = {CBFF64B0-0A49-4E2E-8BD3-F44F95424871}
		{D3CC2F67-ED0E-4AD9-8CC9-6BDD222BB9F7} = {CBFF64B0-0A49-4E2E-8BD3-F44F95424871}
		{CBCDAF95-8E76-4F41-B623-56E28E2E0C8F} = {338AA266-6972-48AD-847A-117DBBE578E9}
		{065CCAC6-8319-4D37-AF3A-F2664A8544A5} = {CBCDAF95-8E76-4F41-B623-56E28E2E0C8F}
		{33DB1E9E-46EF-46B2-9448-20E764125561} = {065CCAC6-8319-4D37-AF3A-F2664A8544A5}
		{53077FA7-8AFF-4D3A-AA8C-BB2E40902CA0} = {065CCAC6-8319-4D37-AF3A-F2664A8544A5}
		{C53623EC-2767-4B84-8443-B4F8EF715097} = {065CCAC6-8319-4D37-AF3A-F2664A8544A5}
		{A8CAF2E0-2F0B-4928-AFD1-CA2E6AB00D54} = {CBFF64B0-0A49-4E2E-8BD3-F44F95424871}
		{87D2A05C-FE59-4A21-86DE-E812E1D39135} = {CBFF64B0-0A49-4E2E-8BD3-F44F95424871}
		{16471648-D3C4-4CBF-8A84-317ED65BF2EA} = {CBFF64B0-0A49-4E2E-8BD3-F44F95424871}
		{DC878541-EF8C-4110-B039-D7D01BAC4C89} = {CBFF64B0-0A49-4E2E-8BD3-F44F95424871}
		{2C29FA9B-AC6D-4CF0-88CC-FECDF996FE33} = {CBFF64B0-0A49-4E2E-8BD3-F44F95424871}
		{9248B2D4-0C53-47B0-B392-244095B59861} = {6B2EDAEA-CF38-468F-8B8F-2394C1FEF5F9}
		{C8F61A53-05B5-498D-AFAF-A89A481F2446} = {0D636A4E-F199-4692-9F64-50AB365B19DB}
		{A2DF3A5A-8992-40C5-8123-0A477E278BD3} = {CBFF64B0-0A49-4E2E-8BD3-F44F95424871}
		{5085F92F-BCB9-44A4-93EA-2EF862D8A9BE} = {CBFF64B0-0A49-4E2E-8BD3-F44F95424871}
	EndGlobalSection
	GlobalSection(ExtensibilityGlobals) = postSolution
		SolutionGuid = {A27EAF7D-BA4C-47B7-B9ED-8E31D9E99FEA}
	EndGlobalSection
EndGlobal
